// !$*UTF8*$!
{
	archiveVersion = 1;
	classes = {
	};
	objectVersion = 55;
	objects = {

/* Begin PBXBuildFile section */
		02D57770E4BCCBFA9E48E02C /* Pods_Fudoshin_FudoshinUITests.framework in Frameworks */ = {isa = PBXBuildFile; fileRef = AECE8B7DE48466632AAADB7D /* Pods_Fudoshin_FudoshinUITests.framework */; };
		42795BEE40665E36080F00E6 /* Pods_FudoshinTests.framework in Frameworks */ = {isa = PBXBuildFile; fileRef = D043689CE16C5D430D39B4E2 /* Pods_FudoshinTests.framework */; };
		8F00239B8A80D58C059FC419 /* Pods_Fudoshin.framework in Frameworks */ = {isa = PBXBuildFile; fileRef = 8DF43755367D19CA6B1A24DC /* Pods_Fudoshin.framework */; };
		F52142C128567429000475AE /* LoginViewDelegateProtocol.swift in Sources */ = {isa = PBXBuildFile; fileRef = F52142C028567429000475AE /* LoginViewDelegateProtocol.swift */; };
		F52142C52857B208000475AE /* User.swift in Sources */ = {isa = PBXBuildFile; fileRef = F52142C42857B208000475AE /* User.swift */; };
		F52142C92857B625000475AE /* BeltLevel.swift in Sources */ = {isa = PBXBuildFile; fileRef = F52142C82857B625000475AE /* BeltLevel.swift */; };
		F52142CC2857BF40000475AE /* AppDatabase.swift in Sources */ = {isa = PBXBuildFile; fileRef = F52142CB2857BF40000475AE /* AppDatabase.swift */; };
		F52142CE2857C27A000475AE /* AppPersistence.swift in Sources */ = {isa = PBXBuildFile; fileRef = F52142CD2857C27A000475AE /* AppPersistence.swift */; };
		F52142D02858F457000475AE /* Visit.swift in Sources */ = {isa = PBXBuildFile; fileRef = F52142CF2858F457000475AE /* Visit.swift */; };
		F52142D428590445000475AE /* RegisterView.swift in Sources */ = {isa = PBXBuildFile; fileRef = F52142D328590445000475AE /* RegisterView.swift */; };
		F52142D628590626000475AE /* RegisterViewController.swift in Sources */ = {isa = PBXBuildFile; fileRef = F52142D528590626000475AE /* RegisterViewController.swift */; };
		F52142D828590656000475AE /* RegisterViewDelegateProtocol.swift in Sources */ = {isa = PBXBuildFile; fileRef = F52142D728590656000475AE /* RegisterViewDelegateProtocol.swift */; };
		F52142DA28590779000475AE /* RegisterServiceModel.swift in Sources */ = {isa = PBXBuildFile; fileRef = F52142D928590779000475AE /* RegisterServiceModel.swift */; };
		F52142E0285A65EC000475AE /* UserModelProtocol.swift in Sources */ = {isa = PBXBuildFile; fileRef = F52142DF285A65EC000475AE /* UserModelProtocol.swift */; };
		F52142E2285A680E000475AE /* AppDatabaseTests.swift in Sources */ = {isa = PBXBuildFile; fileRef = F52142E1285A680E000475AE /* AppDatabaseTests.swift */; };
		F52142E5285A8562000475AE /* VisitModelProtocol.swift in Sources */ = {isa = PBXBuildFile; fileRef = F52142E4285A8562000475AE /* VisitModelProtocol.swift */; };
		F52142E9285B9CFD000475AE /* MockVisit.swift in Sources */ = {isa = PBXBuildFile; fileRef = F52142E8285B9CFD000475AE /* MockVisit.swift */; };
		F52142EB285B9DFB000475AE /* MockUser.swift in Sources */ = {isa = PBXBuildFile; fileRef = F52142EA285B9DFB000475AE /* MockUser.swift */; };
		F52142F0285BACFE000475AE /* MockDatabase.swift in Sources */ = {isa = PBXBuildFile; fileRef = F52142EF285BACFE000475AE /* MockDatabase.swift */; };
		F52142F3285F8AA4000475AE /* ProfileServiceModelProtocol.swift in Sources */ = {isa = PBXBuildFile; fileRef = F52142F2285F8AA3000475AE /* ProfileServiceModelProtocol.swift */; };
		F52142F52861213C000475AE /* DateExt.swift in Sources */ = {isa = PBXBuildFile; fileRef = F52142F42861213C000475AE /* DateExt.swift */; };
		F52142F92864CB59000475AE /* RegisterServiceModelProtocol.swift in Sources */ = {isa = PBXBuildFile; fileRef = F52142F82864CB59000475AE /* RegisterServiceModelProtocol.swift */; };
		F52142FB2864CD18000475AE /* MockRegisterServiceModel.swift in Sources */ = {isa = PBXBuildFile; fileRef = F52142FA2864CD17000475AE /* MockRegisterServiceModel.swift */; };
		F52142FD2864E51D000475AE /* RegisterServiceModelTest.swift in Sources */ = {isa = PBXBuildFile; fileRef = F52142FC2864E51C000475AE /* RegisterServiceModelTest.swift */; };
		F52143002864E7A1000475AE /* AppDatabaseProtocol.swift in Sources */ = {isa = PBXBuildFile; fileRef = F52142FF2864E7A1000475AE /* AppDatabaseProtocol.swift */; };
		F52143022864EA04000475AE /* LoginServiceModelProtocol.swift in Sources */ = {isa = PBXBuildFile; fileRef = F52143012864EA04000475AE /* LoginServiceModelProtocol.swift */; };
		F5214387286CFE6C000475AE /* MockRegisterViewDelegate.swift in Sources */ = {isa = PBXBuildFile; fileRef = F5214386286CFE6C000475AE /* MockRegisterViewDelegate.swift */; };
		F5214389286CFEDD000475AE /* RegisterViewTest.swift in Sources */ = {isa = PBXBuildFile; fileRef = F5214388286CFEDD000475AE /* RegisterViewTest.swift */; };
		F521438C286D01EC000475AE /* RegisterViewProtocol.swift in Sources */ = {isa = PBXBuildFile; fileRef = F521438B286D01EC000475AE /* RegisterViewProtocol.swift */; };
		F521438F2875F4BA000475AE /* SessionType.swift in Sources */ = {isa = PBXBuildFile; fileRef = F521438E2875F4BA000475AE /* SessionType.swift */; };
		F521439628788189000475AE /* LoginServiceModel.swift in Sources */ = {isa = PBXBuildFile; fileRef = F521439528788188000475AE /* LoginServiceModel.swift */; };
		F52143982879E97C000475AE /* ErrorType.swift in Sources */ = {isa = PBXBuildFile; fileRef = F52143972879E97B000475AE /* ErrorType.swift */; };
		F521439A2879F1AF000475AE /* LoginServiceModelTests.swift in Sources */ = {isa = PBXBuildFile; fileRef = F52143992879F1AF000475AE /* LoginServiceModelTests.swift */; };
		F521439C287E1646000475AE /* HeaderTableViewCell.swift in Sources */ = {isa = PBXBuildFile; fileRef = F521439B287E1645000475AE /* HeaderTableViewCell.swift */; };
		F521439E28807EB7000475AE /* ProfileViewController.swift in Sources */ = {isa = PBXBuildFile; fileRef = F521439D28807EB7000475AE /* ProfileViewController.swift */; };
		F52143A12881D98C000475AE /* VisitsByWeekCell.swift in Sources */ = {isa = PBXBuildFile; fileRef = F52143A02881D98C000475AE /* VisitsByWeekCell.swift */; };
		F52143A3288486EF000475AE /* VisitsByMonthCell.swift in Sources */ = {isa = PBXBuildFile; fileRef = F52143A2288486EF000475AE /* VisitsByMonthCell.swift */; };
		F52143A528848785000475AE /* VisitsByYearCell.swift in Sources */ = {isa = PBXBuildFile; fileRef = F52143A428848785000475AE /* VisitsByYearCell.swift */; };
		F52143A728848CD5000475AE /* VisitsByTotalCell.swift in Sources */ = {isa = PBXBuildFile; fileRef = F52143A628848CD5000475AE /* VisitsByTotalCell.swift */; };
		F52143A928870745000475AE /* ProfileServiceModel.swift in Sources */ = {isa = PBXBuildFile; fileRef = F52143A828870744000475AE /* ProfileServiceModel.swift */; };
		F55F55EA281C431B00171AA0 /* AppDelegate.swift in Sources */ = {isa = PBXBuildFile; fileRef = F55F55E9281C431B00171AA0 /* AppDelegate.swift */; };
		F55F55EC281C431B00171AA0 /* SceneDelegate.swift in Sources */ = {isa = PBXBuildFile; fileRef = F55F55EB281C431B00171AA0 /* SceneDelegate.swift */; };
		F55F55F3281C432200171AA0 /* Assets.xcassets in Resources */ = {isa = PBXBuildFile; fileRef = F55F55F2281C432200171AA0 /* Assets.xcassets */; };
		F55F55F6281C432300171AA0 /* LaunchScreen.storyboard in Resources */ = {isa = PBXBuildFile; fileRef = F55F55F4281C432300171AA0 /* LaunchScreen.storyboard */; };
		F55F560B281C432400171AA0 /* FudoshinUITests.swift in Sources */ = {isa = PBXBuildFile; fileRef = F55F560A281C432400171AA0 /* FudoshinUITests.swift */; };
		F55F560D281C432400171AA0 /* FudoshinUITestsLaunchTests.swift in Sources */ = {isa = PBXBuildFile; fileRef = F55F560C281C432400171AA0 /* FudoshinUITestsLaunchTests.swift */; };
		F55F561E281C440400171AA0 /* LoginViewController.swift in Sources */ = {isa = PBXBuildFile; fileRef = F55F561D281C440400171AA0 /* LoginViewController.swift */; };
		F55F5620281C443500171AA0 /* LoginView.swift in Sources */ = {isa = PBXBuildFile; fileRef = F55F561F281C443500171AA0 /* LoginView.swift */; };
/* End PBXBuildFile section */

/* Begin PBXContainerItemProxy section */
		F55F55FD281C432400171AA0 /* PBXContainerItemProxy */ = {
			isa = PBXContainerItemProxy;
			containerPortal = F55F55DE281C431B00171AA0 /* Project object */;
			proxyType = 1;
			remoteGlobalIDString = F55F55E5281C431B00171AA0;
			remoteInfo = Fudoshin;
		};
		F55F5607281C432400171AA0 /* PBXContainerItemProxy */ = {
			isa = PBXContainerItemProxy;
			containerPortal = F55F55DE281C431B00171AA0 /* Project object */;
			proxyType = 1;
			remoteGlobalIDString = F55F55E5281C431B00171AA0;
			remoteInfo = Fudoshin;
		};
/* End PBXContainerItemProxy section */

/* Begin PBXFileReference section */
		20BA151012C42C50C235BD25 /* Pods-Fudoshin-FudoshinUITests.release.xcconfig */ = {isa = PBXFileReference; includeInIndex = 1; lastKnownFileType = text.xcconfig; name = "Pods-Fudoshin-FudoshinUITests.release.xcconfig"; path = "Target Support Files/Pods-Fudoshin-FudoshinUITests/Pods-Fudoshin-FudoshinUITests.release.xcconfig"; sourceTree = "<group>"; };
		5B9D17CF481461CF6AC5931C /* Pods-FudoshinTests.debug.xcconfig */ = {isa = PBXFileReference; includeInIndex = 1; lastKnownFileType = text.xcconfig; name = "Pods-FudoshinTests.debug.xcconfig"; path = "Target Support Files/Pods-FudoshinTests/Pods-FudoshinTests.debug.xcconfig"; sourceTree = "<group>"; };
		699CED5B5FDCFB076A3C6E4F /* Pods-Fudoshin.debug.xcconfig */ = {isa = PBXFileReference; includeInIndex = 1; lastKnownFileType = text.xcconfig; name = "Pods-Fudoshin.debug.xcconfig"; path = "Target Support Files/Pods-Fudoshin/Pods-Fudoshin.debug.xcconfig"; sourceTree = "<group>"; };
		7FCE7C5AC427FF66C4C127E6 /* Pods-Fudoshin.release.xcconfig */ = {isa = PBXFileReference; includeInIndex = 1; lastKnownFileType = text.xcconfig; name = "Pods-Fudoshin.release.xcconfig"; path = "Target Support Files/Pods-Fudoshin/Pods-Fudoshin.release.xcconfig"; sourceTree = "<group>"; };
		8DF43755367D19CA6B1A24DC /* Pods_Fudoshin.framework */ = {isa = PBXFileReference; explicitFileType = wrapper.framework; includeInIndex = 0; path = Pods_Fudoshin.framework; sourceTree = BUILT_PRODUCTS_DIR; };
		AECE8B7DE48466632AAADB7D /* Pods_Fudoshin_FudoshinUITests.framework */ = {isa = PBXFileReference; explicitFileType = wrapper.framework; includeInIndex = 0; path = Pods_Fudoshin_FudoshinUITests.framework; sourceTree = BUILT_PRODUCTS_DIR; };
		D043689CE16C5D430D39B4E2 /* Pods_FudoshinTests.framework */ = {isa = PBXFileReference; explicitFileType = wrapper.framework; includeInIndex = 0; path = Pods_FudoshinTests.framework; sourceTree = BUILT_PRODUCTS_DIR; };
		DFC18FAE7B01502EFDEBF3C8 /* Pods-Fudoshin-FudoshinUITests.debug.xcconfig */ = {isa = PBXFileReference; includeInIndex = 1; lastKnownFileType = text.xcconfig; name = "Pods-Fudoshin-FudoshinUITests.debug.xcconfig"; path = "Target Support Files/Pods-Fudoshin-FudoshinUITests/Pods-Fudoshin-FudoshinUITests.debug.xcconfig"; sourceTree = "<group>"; };
		E496AE7482651D003C21ECDC /* Pods-FudoshinTests.release.xcconfig */ = {isa = PBXFileReference; includeInIndex = 1; lastKnownFileType = text.xcconfig; name = "Pods-FudoshinTests.release.xcconfig"; path = "Target Support Files/Pods-FudoshinTests/Pods-FudoshinTests.release.xcconfig"; sourceTree = "<group>"; };
		F52142C028567429000475AE /* LoginViewDelegateProtocol.swift */ = {isa = PBXFileReference; lastKnownFileType = sourcecode.swift; path = LoginViewDelegateProtocol.swift; sourceTree = "<group>"; };
		F52142C42857B208000475AE /* User.swift */ = {isa = PBXFileReference; lastKnownFileType = sourcecode.swift; path = User.swift; sourceTree = "<group>"; };
		F52142C82857B625000475AE /* BeltLevel.swift */ = {isa = PBXFileReference; lastKnownFileType = sourcecode.swift; path = BeltLevel.swift; sourceTree = "<group>"; };
		F52142CB2857BF40000475AE /* AppDatabase.swift */ = {isa = PBXFileReference; lastKnownFileType = sourcecode.swift; path = AppDatabase.swift; sourceTree = "<group>"; };
		F52142CD2857C27A000475AE /* AppPersistence.swift */ = {isa = PBXFileReference; lastKnownFileType = sourcecode.swift; path = AppPersistence.swift; sourceTree = "<group>"; };
		F52142CF2858F457000475AE /* Visit.swift */ = {isa = PBXFileReference; lastKnownFileType = sourcecode.swift; path = Visit.swift; sourceTree = "<group>"; };
		F52142D328590445000475AE /* RegisterView.swift */ = {isa = PBXFileReference; lastKnownFileType = sourcecode.swift; path = RegisterView.swift; sourceTree = "<group>"; };
		F52142D528590626000475AE /* RegisterViewController.swift */ = {isa = PBXFileReference; lastKnownFileType = sourcecode.swift; path = RegisterViewController.swift; sourceTree = "<group>"; };
		F52142D728590656000475AE /* RegisterViewDelegateProtocol.swift */ = {isa = PBXFileReference; lastKnownFileType = sourcecode.swift; path = RegisterViewDelegateProtocol.swift; sourceTree = "<group>"; };
		F52142D928590779000475AE /* RegisterServiceModel.swift */ = {isa = PBXFileReference; lastKnownFileType = sourcecode.swift; path = RegisterServiceModel.swift; sourceTree = "<group>"; };
		F52142DF285A65EC000475AE /* UserModelProtocol.swift */ = {isa = PBXFileReference; lastKnownFileType = sourcecode.swift; path = UserModelProtocol.swift; sourceTree = "<group>"; };
		F52142E1285A680E000475AE /* AppDatabaseTests.swift */ = {isa = PBXFileReference; lastKnownFileType = sourcecode.swift; path = AppDatabaseTests.swift; sourceTree = "<group>"; };
		F52142E4285A8562000475AE /* VisitModelProtocol.swift */ = {isa = PBXFileReference; lastKnownFileType = sourcecode.swift; path = VisitModelProtocol.swift; sourceTree = "<group>"; };
		F52142E8285B9CFD000475AE /* MockVisit.swift */ = {isa = PBXFileReference; lastKnownFileType = sourcecode.swift; path = MockVisit.swift; sourceTree = "<group>"; };
		F52142EA285B9DFB000475AE /* MockUser.swift */ = {isa = PBXFileReference; lastKnownFileType = sourcecode.swift; path = MockUser.swift; sourceTree = "<group>"; };
		F52142EF285BACFE000475AE /* MockDatabase.swift */ = {isa = PBXFileReference; lastKnownFileType = sourcecode.swift; path = MockDatabase.swift; sourceTree = "<group>"; };
		F52142F2285F8AA3000475AE /* ProfileServiceModelProtocol.swift */ = {isa = PBXFileReference; lastKnownFileType = sourcecode.swift; path = ProfileServiceModelProtocol.swift; sourceTree = "<group>"; };
		F52142F42861213C000475AE /* DateExt.swift */ = {isa = PBXFileReference; lastKnownFileType = sourcecode.swift; path = DateExt.swift; sourceTree = "<group>"; };
		F52142F82864CB59000475AE /* RegisterServiceModelProtocol.swift */ = {isa = PBXFileReference; lastKnownFileType = sourcecode.swift; path = RegisterServiceModelProtocol.swift; sourceTree = "<group>"; };
		F52142FA2864CD17000475AE /* MockRegisterServiceModel.swift */ = {isa = PBXFileReference; lastKnownFileType = sourcecode.swift; path = MockRegisterServiceModel.swift; sourceTree = "<group>"; };
		F52142FC2864E51C000475AE /* RegisterServiceModelTest.swift */ = {isa = PBXFileReference; lastKnownFileType = sourcecode.swift; path = RegisterServiceModelTest.swift; sourceTree = "<group>"; };
		F52142FF2864E7A1000475AE /* AppDatabaseProtocol.swift */ = {isa = PBXFileReference; lastKnownFileType = sourcecode.swift; path = AppDatabaseProtocol.swift; sourceTree = "<group>"; };
		F52143012864EA04000475AE /* LoginServiceModelProtocol.swift */ = {isa = PBXFileReference; lastKnownFileType = sourcecode.swift; path = LoginServiceModelProtocol.swift; sourceTree = "<group>"; };
		F5214386286CFE6C000475AE /* MockRegisterViewDelegate.swift */ = {isa = PBXFileReference; lastKnownFileType = sourcecode.swift; path = MockRegisterViewDelegate.swift; sourceTree = "<group>"; };
		F5214388286CFEDD000475AE /* RegisterViewTest.swift */ = {isa = PBXFileReference; lastKnownFileType = sourcecode.swift; path = RegisterViewTest.swift; sourceTree = "<group>"; };
		F521438B286D01EC000475AE /* RegisterViewProtocol.swift */ = {isa = PBXFileReference; lastKnownFileType = sourcecode.swift; path = RegisterViewProtocol.swift; sourceTree = "<group>"; };
		F521438E2875F4BA000475AE /* SessionType.swift */ = {isa = PBXFileReference; lastKnownFileType = sourcecode.swift; path = SessionType.swift; sourceTree = "<group>"; };
		F521439528788188000475AE /* LoginServiceModel.swift */ = {isa = PBXFileReference; lastKnownFileType = sourcecode.swift; path = LoginServiceModel.swift; sourceTree = "<group>"; };
		F52143972879E97B000475AE /* ErrorType.swift */ = {isa = PBXFileReference; lastKnownFileType = sourcecode.swift; path = ErrorType.swift; sourceTree = "<group>"; };
		F52143992879F1AF000475AE /* LoginServiceModelTests.swift */ = {isa = PBXFileReference; lastKnownFileType = sourcecode.swift; path = LoginServiceModelTests.swift; sourceTree = "<group>"; };
		F521439B287E1645000475AE /* HeaderTableViewCell.swift */ = {isa = PBXFileReference; lastKnownFileType = sourcecode.swift; path = HeaderTableViewCell.swift; sourceTree = "<group>"; };
		F521439D28807EB7000475AE /* ProfileViewController.swift */ = {isa = PBXFileReference; lastKnownFileType = sourcecode.swift; path = ProfileViewController.swift; sourceTree = "<group>"; };
		F52143A02881D98C000475AE /* VisitsByWeekCell.swift */ = {isa = PBXFileReference; lastKnownFileType = sourcecode.swift; path = VisitsByWeekCell.swift; sourceTree = "<group>"; };
		F52143A2288486EF000475AE /* VisitsByMonthCell.swift */ = {isa = PBXFileReference; lastKnownFileType = sourcecode.swift; path = VisitsByMonthCell.swift; sourceTree = "<group>"; };
		F52143A428848785000475AE /* VisitsByYearCell.swift */ = {isa = PBXFileReference; lastKnownFileType = sourcecode.swift; path = VisitsByYearCell.swift; sourceTree = "<group>"; };
		F52143A628848CD5000475AE /* VisitsByTotalCell.swift */ = {isa = PBXFileReference; lastKnownFileType = sourcecode.swift; path = VisitsByTotalCell.swift; sourceTree = "<group>"; };
		F52143A828870744000475AE /* ProfileServiceModel.swift */ = {isa = PBXFileReference; lastKnownFileType = sourcecode.swift; path = ProfileServiceModel.swift; sourceTree = "<group>"; };
		F55F55E6281C431B00171AA0 /* Fudoshin.app */ = {isa = PBXFileReference; explicitFileType = wrapper.application; includeInIndex = 0; path = Fudoshin.app; sourceTree = BUILT_PRODUCTS_DIR; };
		F55F55E9281C431B00171AA0 /* AppDelegate.swift */ = {isa = PBXFileReference; lastKnownFileType = sourcecode.swift; path = AppDelegate.swift; sourceTree = "<group>"; };
		F55F55EB281C431B00171AA0 /* SceneDelegate.swift */ = {isa = PBXFileReference; lastKnownFileType = sourcecode.swift; path = SceneDelegate.swift; sourceTree = "<group>"; };
		F55F55F2281C432200171AA0 /* Assets.xcassets */ = {isa = PBXFileReference; lastKnownFileType = folder.assetcatalog; path = Assets.xcassets; sourceTree = "<group>"; };
		F55F55F5281C432300171AA0 /* Base */ = {isa = PBXFileReference; lastKnownFileType = file.storyboard; name = Base; path = Base.lproj/LaunchScreen.storyboard; sourceTree = "<group>"; };
		F55F55F7281C432300171AA0 /* Info.plist */ = {isa = PBXFileReference; lastKnownFileType = text.plist.xml; path = Info.plist; sourceTree = "<group>"; };
		F55F55FC281C432400171AA0 /* FudoshinTests.xctest */ = {isa = PBXFileReference; explicitFileType = wrapper.cfbundle; includeInIndex = 0; path = FudoshinTests.xctest; sourceTree = BUILT_PRODUCTS_DIR; };
		F55F5606281C432400171AA0 /* FudoshinUITests.xctest */ = {isa = PBXFileReference; explicitFileType = wrapper.cfbundle; includeInIndex = 0; path = FudoshinUITests.xctest; sourceTree = BUILT_PRODUCTS_DIR; };
		F55F560A281C432400171AA0 /* FudoshinUITests.swift */ = {isa = PBXFileReference; lastKnownFileType = sourcecode.swift; path = FudoshinUITests.swift; sourceTree = "<group>"; };
		F55F560C281C432400171AA0 /* FudoshinUITestsLaunchTests.swift */ = {isa = PBXFileReference; lastKnownFileType = sourcecode.swift; path = FudoshinUITestsLaunchTests.swift; sourceTree = "<group>"; };
		F55F561D281C440400171AA0 /* LoginViewController.swift */ = {isa = PBXFileReference; lastKnownFileType = sourcecode.swift; path = LoginViewController.swift; sourceTree = "<group>"; };
		F55F561F281C443500171AA0 /* LoginView.swift */ = {isa = PBXFileReference; lastKnownFileType = sourcecode.swift; path = LoginView.swift; sourceTree = "<group>"; };
/* End PBXFileReference section */

/* Begin PBXFrameworksBuildPhase section */
		F55F55E3281C431B00171AA0 /* Frameworks */ = {
			isa = PBXFrameworksBuildPhase;
			buildActionMask = 2147483647;
			files = (
				8F00239B8A80D58C059FC419 /* Pods_Fudoshin.framework in Frameworks */,
			);
			runOnlyForDeploymentPostprocessing = 0;
		};
		F55F55F9281C432400171AA0 /* Frameworks */ = {
			isa = PBXFrameworksBuildPhase;
			buildActionMask = 2147483647;
			files = (
				42795BEE40665E36080F00E6 /* Pods_FudoshinTests.framework in Frameworks */,
			);
			runOnlyForDeploymentPostprocessing = 0;
		};
		F55F5603281C432400171AA0 /* Frameworks */ = {
			isa = PBXFrameworksBuildPhase;
			buildActionMask = 2147483647;
			files = (
				02D57770E4BCCBFA9E48E02C /* Pods_Fudoshin_FudoshinUITests.framework in Frameworks */,
			);
			runOnlyForDeploymentPostprocessing = 0;
		};
/* End PBXFrameworksBuildPhase section */

/* Begin PBXGroup section */
		8947DE001BB080D14D36B6B4 /* Pods */ = {
			isa = PBXGroup;
			children = (
				699CED5B5FDCFB076A3C6E4F /* Pods-Fudoshin.debug.xcconfig */,
				7FCE7C5AC427FF66C4C127E6 /* Pods-Fudoshin.release.xcconfig */,
				DFC18FAE7B01502EFDEBF3C8 /* Pods-Fudoshin-FudoshinUITests.debug.xcconfig */,
				20BA151012C42C50C235BD25 /* Pods-Fudoshin-FudoshinUITests.release.xcconfig */,
				5B9D17CF481461CF6AC5931C /* Pods-FudoshinTests.debug.xcconfig */,
				E496AE7482651D003C21ECDC /* Pods-FudoshinTests.release.xcconfig */,
			);
			path = Pods;
			sourceTree = "<group>";
		};
		946E0C6FB2B1C46AC0075C8A /* Frameworks */ = {
			isa = PBXGroup;
			children = (
				8DF43755367D19CA6B1A24DC /* Pods_Fudoshin.framework */,
				AECE8B7DE48466632AAADB7D /* Pods_Fudoshin_FudoshinUITests.framework */,
				D043689CE16C5D430D39B4E2 /* Pods_FudoshinTests.framework */,
			);
			name = Frameworks;
			sourceTree = "<group>";
		};
		F52142C72857B607000475AE /* Utilities */ = {
			isa = PBXGroup;
			children = (
				F52142F42861213C000475AE /* DateExt.swift */,
				F52143972879E97B000475AE /* ErrorType.swift */,
			);
			path = Utilities;
			sourceTree = "<group>";
		};
		F52142CA2857BEF1000475AE /* Persistence */ = {
			isa = PBXGroup;
			children = (
				F52142CB2857BF40000475AE /* AppDatabase.swift */,
				F52142CD2857C27A000475AE /* AppPersistence.swift */,
			);
			path = Persistence;
			sourceTree = "<group>";
		};
		F52142E3285A685C000475AE /* MockModels */ = {
			isa = PBXGroup;
			children = (
				F52142EA285B9DFB000475AE /* MockUser.swift */,
				F52142E8285B9CFD000475AE /* MockVisit.swift */,
				F52142FA2864CD17000475AE /* MockRegisterServiceModel.swift */,
			);
			path = MockModels;
			sourceTree = "<group>";
		};
		F52142EC285BA6FC000475AE /* ModelProtocols */ = {
			isa = PBXGroup;
			children = (
				F52142DF285A65EC000475AE /* UserModelProtocol.swift */,
				F52142E4285A8562000475AE /* VisitModelProtocol.swift */,
				F52143032864EA08000475AE /* ServiceModelProtocols */,
			);
			path = ModelProtocols;
			sourceTree = "<group>";
		};
		F52142F1285BB9B6000475AE /* DatabaseTests */ = {
			isa = PBXGroup;
			children = (
				F52142EF285BACFE000475AE /* MockDatabase.swift */,
				F52142E1285A680E000475AE /* AppDatabaseTests.swift */,
			);
			path = DatabaseTests;
			sourceTree = "<group>";
		};
		F52142FE2864E723000475AE /* DelegateProtocols */ = {
			isa = PBXGroup;
			children = (
				F52142D728590656000475AE /* RegisterViewDelegateProtocol.swift */,
				F52142C028567429000475AE /* LoginViewDelegateProtocol.swift */,
			);
			path = DelegateProtocols;
			sourceTree = "<group>";
		};
		F52143032864EA08000475AE /* ServiceModelProtocols */ = {
			isa = PBXGroup;
			children = (
				F52142F82864CB59000475AE /* RegisterServiceModelProtocol.swift */,
				F52143012864EA04000475AE /* LoginServiceModelProtocol.swift */,
				F52142F2285F8AA3000475AE /* ProfileServiceModelProtocol.swift */,
			);
			path = ServiceModelProtocols;
			sourceTree = "<group>";
		};
		F521438A286D01C3000475AE /* ViewProtocols */ = {
			isa = PBXGroup;
			children = (
				F521438B286D01EC000475AE /* RegisterViewProtocol.swift */,
			);
			path = ViewProtocols;
			sourceTree = "<group>";
		};
		F52143922875FC28000475AE /* MockViews */ = {
			isa = PBXGroup;
			children = (
			);
			path = MockViews;
			sourceTree = "<group>";
		};
		F521439328760458000475AE /* ServiceModelTests */ = {
			isa = PBXGroup;
			children = (
				F52142FC2864E51C000475AE /* RegisterServiceModelTest.swift */,
				F52143992879F1AF000475AE /* LoginServiceModelTests.swift */,
			);
			path = ServiceModelTests;
			sourceTree = "<group>";
		};
		F521439428760495000475AE /* MockDelegates */ = {
			isa = PBXGroup;
			children = (
				F5214386286CFE6C000475AE /* MockRegisterViewDelegate.swift */,
			);
			path = MockDelegates;
			sourceTree = "<group>";
		};
		F521439F28809B23000475AE /* Cells */ = {
			isa = PBXGroup;
			children = (
				F521439B287E1645000475AE /* HeaderTableViewCell.swift */,
				F52143A02881D98C000475AE /* VisitsByWeekCell.swift */,
				F52143A2288486EF000475AE /* VisitsByMonthCell.swift */,
				F52143A428848785000475AE /* VisitsByYearCell.swift */,
				F52143A628848CD5000475AE /* VisitsByTotalCell.swift */,
			);
			path = Cells;
			sourceTree = "<group>";
		};
		F55F55DD281C431A00171AA0 = {
			isa = PBXGroup;
			children = (
				F55F55E8281C431B00171AA0 /* Fudoshin */,
				F55F55FF281C432400171AA0 /* FudoshinTests */,
				F55F5609281C432400171AA0 /* FudoshinUITests */,
				F55F55E7281C431B00171AA0 /* Products */,
				8947DE001BB080D14D36B6B4 /* Pods */,
				946E0C6FB2B1C46AC0075C8A /* Frameworks */,
			);
			sourceTree = "<group>";
		};
		F55F55E7281C431B00171AA0 /* Products */ = {
			isa = PBXGroup;
			children = (
				F55F55E6281C431B00171AA0 /* Fudoshin.app */,
				F55F55FC281C432400171AA0 /* FudoshinTests.xctest */,
				F55F5606281C432400171AA0 /* FudoshinUITests.xctest */,
			);
			name = Products;
			sourceTree = "<group>";
		};
		F55F55E8281C431B00171AA0 /* Fudoshin */ = {
			isa = PBXGroup;
			children = (
				F55F561C281C43D200171AA0 /* Models */,
				F55F561A281C43BF00171AA0 /* Views */,
				F55F561B281C43C800171AA0 /* Controllers */,
				F5794B592853E6D500FE484C /* Protocols */,
				F52142C72857B607000475AE /* Utilities */,
				F55F55E9281C431B00171AA0 /* AppDelegate.swift */,
				F55F55EB281C431B00171AA0 /* SceneDelegate.swift */,
				F55F55F2281C432200171AA0 /* Assets.xcassets */,
				F55F55F4281C432300171AA0 /* LaunchScreen.storyboard */,
				F55F55F7281C432300171AA0 /* Info.plist */,
			);
			path = Fudoshin;
			sourceTree = "<group>";
		};
		F55F55FF281C432400171AA0 /* FudoshinTests */ = {
			isa = PBXGroup;
			children = (
				F521439428760495000475AE /* MockDelegates */,
				F52142E3285A685C000475AE /* MockModels */,
				F52143922875FC28000475AE /* MockViews */,
				F521439328760458000475AE /* ServiceModelTests */,
				F52142F1285BB9B6000475AE /* DatabaseTests */,
				F5214388286CFEDD000475AE /* RegisterViewTest.swift */,
			);
			path = FudoshinTests;
			sourceTree = "<group>";
		};
		F55F5609281C432400171AA0 /* FudoshinUITests */ = {
			isa = PBXGroup;
			children = (
				F55F560A281C432400171AA0 /* FudoshinUITests.swift */,
				F55F560C281C432400171AA0 /* FudoshinUITestsLaunchTests.swift */,
			);
			path = FudoshinUITests;
			sourceTree = "<group>";
		};
		F55F5619281C43B500171AA0 /* ServiceModels */ = {
			isa = PBXGroup;
			children = (
				F52142D928590779000475AE /* RegisterServiceModel.swift */,
				F521439528788188000475AE /* LoginServiceModel.swift */,
				F52143A828870744000475AE /* ProfileServiceModel.swift */,
			);
			path = ServiceModels;
			sourceTree = "<group>";
		};
		F55F561A281C43BF00171AA0 /* Views */ = {
			isa = PBXGroup;
			children = (
				F55F561F281C443500171AA0 /* LoginView.swift */,
				F52142D328590445000475AE /* RegisterView.swift */,
				F521439F28809B23000475AE /* Cells */,
			);
			path = Views;
			sourceTree = "<group>";
		};
		F55F561B281C43C800171AA0 /* Controllers */ = {
			isa = PBXGroup;
			children = (
				F55F561D281C440400171AA0 /* LoginViewController.swift */,
				F52142D528590626000475AE /* RegisterViewController.swift */,
				F521439D28807EB7000475AE /* ProfileViewController.swift */,
			);
			path = Controllers;
			sourceTree = "<group>";
		};
		F55F561C281C43D200171AA0 /* Models */ = {
			isa = PBXGroup;
			children = (
				F52142C42857B208000475AE /* User.swift */,
				F52142CF2858F457000475AE /* Visit.swift */,
				F52142C82857B625000475AE /* BeltLevel.swift */,
				F521438E2875F4BA000475AE /* SessionType.swift */,
				F52142CA2857BEF1000475AE /* Persistence */,
				F55F5619281C43B500171AA0 /* ServiceModels */,
			);
			path = Models;
			sourceTree = "<group>";
		};
		F5794B592853E6D500FE484C /* Protocols */ = {
			isa = PBXGroup;
			children = (
				F521438A286D01C3000475AE /* ViewProtocols */,
				F52142FE2864E723000475AE /* DelegateProtocols */,
				F52142EC285BA6FC000475AE /* ModelProtocols */,
				F52142FF2864E7A1000475AE /* AppDatabaseProtocol.swift */,
			);
			path = Protocols;
			sourceTree = "<group>";
		};
/* End PBXGroup section */

/* Begin PBXNativeTarget section */
		F55F55E5281C431B00171AA0 /* Fudoshin */ = {
			isa = PBXNativeTarget;
			buildConfigurationList = F55F5610281C432400171AA0 /* Build configuration list for PBXNativeTarget "Fudoshin" */;
			buildPhases = (
				91F110457E89E437C695A539 /* [CP] Check Pods Manifest.lock */,
				F55F55E2281C431B00171AA0 /* Sources */,
				F55F55E3281C431B00171AA0 /* Frameworks */,
				F55F55E4281C431B00171AA0 /* Resources */,
				0828B180212919DF9CEFB6F8 /* [CP] Embed Pods Frameworks */,
			);
			buildRules = (
			);
			dependencies = (
			);
			name = Fudoshin;
			productName = Fudoshin;
			productReference = F55F55E6281C431B00171AA0 /* Fudoshin.app */;
			productType = "com.apple.product-type.application";
		};
		F55F55FB281C432400171AA0 /* FudoshinTests */ = {
			isa = PBXNativeTarget;
			buildConfigurationList = F55F5613281C432400171AA0 /* Build configuration list for PBXNativeTarget "FudoshinTests" */;
			buildPhases = (
				69E35CF9A0214A760E11D1E0 /* [CP] Check Pods Manifest.lock */,
				F55F55F8281C432400171AA0 /* Sources */,
				F55F55F9281C432400171AA0 /* Frameworks */,
				F55F55FA281C432400171AA0 /* Resources */,
				F8958DE6C888E9C2FDD79BF3 /* [CP] Embed Pods Frameworks */,
			);
			buildRules = (
			);
			dependencies = (
				F55F55FE281C432400171AA0 /* PBXTargetDependency */,
			);
			name = FudoshinTests;
			productName = FudoshinTests;
			productReference = F55F55FC281C432400171AA0 /* FudoshinTests.xctest */;
			productType = "com.apple.product-type.bundle.unit-test";
		};
		F55F5605281C432400171AA0 /* FudoshinUITests */ = {
			isa = PBXNativeTarget;
			buildConfigurationList = F55F5616281C432400171AA0 /* Build configuration list for PBXNativeTarget "FudoshinUITests" */;
			buildPhases = (
				6F5ED55188F9737865908C02 /* [CP] Check Pods Manifest.lock */,
				F55F5602281C432400171AA0 /* Sources */,
				F55F5603281C432400171AA0 /* Frameworks */,
				F55F5604281C432400171AA0 /* Resources */,
				E59C4ADE3F6EC0896E65ED66 /* [CP] Embed Pods Frameworks */,
			);
			buildRules = (
			);
			dependencies = (
				F55F5608281C432400171AA0 /* PBXTargetDependency */,
			);
			name = FudoshinUITests;
			productName = FudoshinUITests;
			productReference = F55F5606281C432400171AA0 /* FudoshinUITests.xctest */;
			productType = "com.apple.product-type.bundle.ui-testing";
		};
/* End PBXNativeTarget section */

/* Begin PBXProject section */
		F55F55DE281C431B00171AA0 /* Project object */ = {
			isa = PBXProject;
			attributes = {
				BuildIndependentTargetsInParallel = 1;
				LastSwiftUpdateCheck = 1320;
				LastUpgradeCheck = 1320;
				TargetAttributes = {
					F55F55E5281C431B00171AA0 = {
						CreatedOnToolsVersion = 13.2.1;
					};
					F55F55FB281C432400171AA0 = {
						CreatedOnToolsVersion = 13.2.1;
						TestTargetID = F55F55E5281C431B00171AA0;
					};
					F55F5605281C432400171AA0 = {
						CreatedOnToolsVersion = 13.2.1;
						TestTargetID = F55F55E5281C431B00171AA0;
					};
				};
			};
			buildConfigurationList = F55F55E1281C431B00171AA0 /* Build configuration list for PBXProject "Fudoshin" */;
			compatibilityVersion = "Xcode 13.0";
			developmentRegion = en;
			hasScannedForEncodings = 0;
			knownRegions = (
				en,
				Base,
			);
			mainGroup = F55F55DD281C431A00171AA0;
			productRefGroup = F55F55E7281C431B00171AA0 /* Products */;
			projectDirPath = "";
			projectRoot = "";
			targets = (
				F55F55E5281C431B00171AA0 /* Fudoshin */,
				F55F55FB281C432400171AA0 /* FudoshinTests */,
				F55F5605281C432400171AA0 /* FudoshinUITests */,
			);
		};
/* End PBXProject section */

/* Begin PBXResourcesBuildPhase section */
		F55F55E4281C431B00171AA0 /* Resources */ = {
			isa = PBXResourcesBuildPhase;
			buildActionMask = 2147483647;
			files = (
				F55F55F6281C432300171AA0 /* LaunchScreen.storyboard in Resources */,
				F55F55F3281C432200171AA0 /* Assets.xcassets in Resources */,
			);
			runOnlyForDeploymentPostprocessing = 0;
		};
		F55F55FA281C432400171AA0 /* Resources */ = {
			isa = PBXResourcesBuildPhase;
			buildActionMask = 2147483647;
			files = (
			);
			runOnlyForDeploymentPostprocessing = 0;
		};
		F55F5604281C432400171AA0 /* Resources */ = {
			isa = PBXResourcesBuildPhase;
			buildActionMask = 2147483647;
			files = (
			);
			runOnlyForDeploymentPostprocessing = 0;
		};
/* End PBXResourcesBuildPhase section */

/* Begin PBXShellScriptBuildPhase section */
		0828B180212919DF9CEFB6F8 /* [CP] Embed Pods Frameworks */ = {
			isa = PBXShellScriptBuildPhase;
			buildActionMask = 2147483647;
			files = (
			);
			inputFileListPaths = (
				"${PODS_ROOT}/Target Support Files/Pods-Fudoshin/Pods-Fudoshin-frameworks-${CONFIGURATION}-input-files.xcfilelist",
			);
			name = "[CP] Embed Pods Frameworks";
			outputFileListPaths = (
				"${PODS_ROOT}/Target Support Files/Pods-Fudoshin/Pods-Fudoshin-frameworks-${CONFIGURATION}-output-files.xcfilelist",
			);
			runOnlyForDeploymentPostprocessing = 0;
			shellPath = /bin/sh;
			shellScript = "\"${PODS_ROOT}/Target Support Files/Pods-Fudoshin/Pods-Fudoshin-frameworks.sh\"\n";
			showEnvVarsInLog = 0;
		};
		69E35CF9A0214A760E11D1E0 /* [CP] Check Pods Manifest.lock */ = {
			isa = PBXShellScriptBuildPhase;
			buildActionMask = 2147483647;
			files = (
			);
			inputFileListPaths = (
			);
			inputPaths = (
				"${PODS_PODFILE_DIR_PATH}/Podfile.lock",
				"${PODS_ROOT}/Manifest.lock",
			);
			name = "[CP] Check Pods Manifest.lock";
			outputFileListPaths = (
			);
			outputPaths = (
				"$(DERIVED_FILE_DIR)/Pods-FudoshinTests-checkManifestLockResult.txt",
			);
			runOnlyForDeploymentPostprocessing = 0;
			shellPath = /bin/sh;
			shellScript = "diff \"${PODS_PODFILE_DIR_PATH}/Podfile.lock\" \"${PODS_ROOT}/Manifest.lock\" > /dev/null\nif [ $? != 0 ] ; then\n    # print error to STDERR\n    echo \"error: The sandbox is not in sync with the Podfile.lock. Run 'pod install' or update your CocoaPods installation.\" >&2\n    exit 1\nfi\n# This output is used by Xcode 'outputs' to avoid re-running this script phase.\necho \"SUCCESS\" > \"${SCRIPT_OUTPUT_FILE_0}\"\n";
			showEnvVarsInLog = 0;
		};
		6F5ED55188F9737865908C02 /* [CP] Check Pods Manifest.lock */ = {
			isa = PBXShellScriptBuildPhase;
			buildActionMask = 2147483647;
			files = (
			);
			inputFileListPaths = (
			);
			inputPaths = (
				"${PODS_PODFILE_DIR_PATH}/Podfile.lock",
				"${PODS_ROOT}/Manifest.lock",
			);
			name = "[CP] Check Pods Manifest.lock";
			outputFileListPaths = (
			);
			outputPaths = (
				"$(DERIVED_FILE_DIR)/Pods-Fudoshin-FudoshinUITests-checkManifestLockResult.txt",
			);
			runOnlyForDeploymentPostprocessing = 0;
			shellPath = /bin/sh;
			shellScript = "diff \"${PODS_PODFILE_DIR_PATH}/Podfile.lock\" \"${PODS_ROOT}/Manifest.lock\" > /dev/null\nif [ $? != 0 ] ; then\n    # print error to STDERR\n    echo \"error: The sandbox is not in sync with the Podfile.lock. Run 'pod install' or update your CocoaPods installation.\" >&2\n    exit 1\nfi\n# This output is used by Xcode 'outputs' to avoid re-running this script phase.\necho \"SUCCESS\" > \"${SCRIPT_OUTPUT_FILE_0}\"\n";
			showEnvVarsInLog = 0;
		};
		91F110457E89E437C695A539 /* [CP] Check Pods Manifest.lock */ = {
			isa = PBXShellScriptBuildPhase;
			buildActionMask = 2147483647;
			files = (
			);
			inputFileListPaths = (
			);
			inputPaths = (
				"${PODS_PODFILE_DIR_PATH}/Podfile.lock",
				"${PODS_ROOT}/Manifest.lock",
			);
			name = "[CP] Check Pods Manifest.lock";
			outputFileListPaths = (
			);
			outputPaths = (
				"$(DERIVED_FILE_DIR)/Pods-Fudoshin-checkManifestLockResult.txt",
			);
			runOnlyForDeploymentPostprocessing = 0;
			shellPath = /bin/sh;
			shellScript = "diff \"${PODS_PODFILE_DIR_PATH}/Podfile.lock\" \"${PODS_ROOT}/Manifest.lock\" > /dev/null\nif [ $? != 0 ] ; then\n    # print error to STDERR\n    echo \"error: The sandbox is not in sync with the Podfile.lock. Run 'pod install' or update your CocoaPods installation.\" >&2\n    exit 1\nfi\n# This output is used by Xcode 'outputs' to avoid re-running this script phase.\necho \"SUCCESS\" > \"${SCRIPT_OUTPUT_FILE_0}\"\n";
			showEnvVarsInLog = 0;
		};
		E59C4ADE3F6EC0896E65ED66 /* [CP] Embed Pods Frameworks */ = {
			isa = PBXShellScriptBuildPhase;
			buildActionMask = 2147483647;
			files = (
			);
			inputFileListPaths = (
				"${PODS_ROOT}/Target Support Files/Pods-Fudoshin-FudoshinUITests/Pods-Fudoshin-FudoshinUITests-frameworks-${CONFIGURATION}-input-files.xcfilelist",
			);
			name = "[CP] Embed Pods Frameworks";
			outputFileListPaths = (
				"${PODS_ROOT}/Target Support Files/Pods-Fudoshin-FudoshinUITests/Pods-Fudoshin-FudoshinUITests-frameworks-${CONFIGURATION}-output-files.xcfilelist",
			);
			runOnlyForDeploymentPostprocessing = 0;
			shellPath = /bin/sh;
			shellScript = "\"${PODS_ROOT}/Target Support Files/Pods-Fudoshin-FudoshinUITests/Pods-Fudoshin-FudoshinUITests-frameworks.sh\"\n";
			showEnvVarsInLog = 0;
		};
		F8958DE6C888E9C2FDD79BF3 /* [CP] Embed Pods Frameworks */ = {
			isa = PBXShellScriptBuildPhase;
			buildActionMask = 2147483647;
			files = (
			);
			inputFileListPaths = (
				"${PODS_ROOT}/Target Support Files/Pods-FudoshinTests/Pods-FudoshinTests-frameworks-${CONFIGURATION}-input-files.xcfilelist",
			);
			name = "[CP] Embed Pods Frameworks";
			outputFileListPaths = (
				"${PODS_ROOT}/Target Support Files/Pods-FudoshinTests/Pods-FudoshinTests-frameworks-${CONFIGURATION}-output-files.xcfilelist",
			);
			runOnlyForDeploymentPostprocessing = 0;
			shellPath = /bin/sh;
			shellScript = "\"${PODS_ROOT}/Target Support Files/Pods-FudoshinTests/Pods-FudoshinTests-frameworks.sh\"\n";
			showEnvVarsInLog = 0;
		};
/* End PBXShellScriptBuildPhase section */

/* Begin PBXSourcesBuildPhase section */
		F55F55E2281C431B00171AA0 /* Sources */ = {
			isa = PBXSourcesBuildPhase;
			buildActionMask = 2147483647;
			files = (
				F52142DA28590779000475AE /* RegisterServiceModel.swift in Sources */,
				F52143982879E97C000475AE /* ErrorType.swift in Sources */,
				F52143A3288486EF000475AE /* VisitsByMonthCell.swift in Sources */,
				F52142D428590445000475AE /* RegisterView.swift in Sources */,
				F52143022864EA04000475AE /* LoginServiceModelProtocol.swift in Sources */,
				F52142F3285F8AA4000475AE /* ProfileServiceModelProtocol.swift in Sources */,
				F52142D828590656000475AE /* RegisterViewDelegateProtocol.swift in Sources */,
				F52143A928870745000475AE /* ProfileServiceModel.swift in Sources */,
				F52143A12881D98C000475AE /* VisitsByWeekCell.swift in Sources */,
				F521439E28807EB7000475AE /* ProfileViewController.swift in Sources */,
				F521438C286D01EC000475AE /* RegisterViewProtocol.swift in Sources */,
				F52142E5285A8562000475AE /* VisitModelProtocol.swift in Sources */,
				F55F561E281C440400171AA0 /* LoginViewController.swift in Sources */,
				F52142C128567429000475AE /* LoginViewDelegateProtocol.swift in Sources */,
				F52142D628590626000475AE /* RegisterViewController.swift in Sources */,
				F52142CC2857BF40000475AE /* AppDatabase.swift in Sources */,
				F52142E0285A65EC000475AE /* UserModelProtocol.swift in Sources */,
				F521438F2875F4BA000475AE /* SessionType.swift in Sources */,
				F52142D02858F457000475AE /* Visit.swift in Sources */,
				F52142CE2857C27A000475AE /* AppPersistence.swift in Sources */,
				F52143002864E7A1000475AE /* AppDatabaseProtocol.swift in Sources */,
				F52142F92864CB59000475AE /* RegisterServiceModelProtocol.swift in Sources */,
				F52143A728848CD5000475AE /* VisitsByTotalCell.swift in Sources */,
				F52142C52857B208000475AE /* User.swift in Sources */,
				F55F55EA281C431B00171AA0 /* AppDelegate.swift in Sources */,
				F521439C287E1646000475AE /* HeaderTableViewCell.swift in Sources */,
				F55F5620281C443500171AA0 /* LoginView.swift in Sources */,
				F52142C92857B625000475AE /* BeltLevel.swift in Sources */,
				F521439628788189000475AE /* LoginServiceModel.swift in Sources */,
				F52143A528848785000475AE /* VisitsByYearCell.swift in Sources */,
				F55F55EC281C431B00171AA0 /* SceneDelegate.swift in Sources */,
				F52142F52861213C000475AE /* DateExt.swift in Sources */,
			);
			runOnlyForDeploymentPostprocessing = 0;
		};
		F55F55F8281C432400171AA0 /* Sources */ = {
			isa = PBXSourcesBuildPhase;
			buildActionMask = 2147483647;
			files = (
				F52142FD2864E51D000475AE /* RegisterServiceModelTest.swift in Sources */,
				F521439A2879F1AF000475AE /* LoginServiceModelTests.swift in Sources */,
				F52142FB2864CD18000475AE /* MockRegisterServiceModel.swift in Sources */,
				F52142E2285A680E000475AE /* AppDatabaseTests.swift in Sources */,
				F52142F0285BACFE000475AE /* MockDatabase.swift in Sources */,
				F5214389286CFEDD000475AE /* RegisterViewTest.swift in Sources */,
				F52142EB285B9DFB000475AE /* MockUser.swift in Sources */,
				F5214387286CFE6C000475AE /* MockRegisterViewDelegate.swift in Sources */,
				F52142E9285B9CFD000475AE /* MockVisit.swift in Sources */,
			);
			runOnlyForDeploymentPostprocessing = 0;
		};
		F55F5602281C432400171AA0 /* Sources */ = {
			isa = PBXSourcesBuildPhase;
			buildActionMask = 2147483647;
			files = (
				F55F560D281C432400171AA0 /* FudoshinUITestsLaunchTests.swift in Sources */,
				F55F560B281C432400171AA0 /* FudoshinUITests.swift in Sources */,
			);
			runOnlyForDeploymentPostprocessing = 0;
		};
/* End PBXSourcesBuildPhase section */

/* Begin PBXTargetDependency section */
		F55F55FE281C432400171AA0 /* PBXTargetDependency */ = {
			isa = PBXTargetDependency;
			target = F55F55E5281C431B00171AA0 /* Fudoshin */;
			targetProxy = F55F55FD281C432400171AA0 /* PBXContainerItemProxy */;
		};
		F55F5608281C432400171AA0 /* PBXTargetDependency */ = {
			isa = PBXTargetDependency;
			target = F55F55E5281C431B00171AA0 /* Fudoshin */;
			targetProxy = F55F5607281C432400171AA0 /* PBXContainerItemProxy */;
		};
/* End PBXTargetDependency section */

/* Begin PBXVariantGroup section */
		F55F55F4281C432300171AA0 /* LaunchScreen.storyboard */ = {
			isa = PBXVariantGroup;
			children = (
				F55F55F5281C432300171AA0 /* Base */,
			);
			name = LaunchScreen.storyboard;
			sourceTree = "<group>";
		};
/* End PBXVariantGroup section */

/* Begin XCBuildConfiguration section */
		F55F560E281C432400171AA0 /* Debug */ = {
			isa = XCBuildConfiguration;
			buildSettings = {
				ALWAYS_SEARCH_USER_PATHS = NO;
				CLANG_ANALYZER_NONNULL = YES;
				CLANG_ANALYZER_NUMBER_OBJECT_CONVERSION = YES_AGGRESSIVE;
				CLANG_CXX_LANGUAGE_STANDARD = "gnu++17";
				CLANG_CXX_LIBRARY = "libc++";
				CLANG_ENABLE_MODULES = YES;
				CLANG_ENABLE_OBJC_ARC = YES;
				CLANG_ENABLE_OBJC_WEAK = YES;
				CLANG_WARN_BLOCK_CAPTURE_AUTORELEASING = YES;
				CLANG_WARN_BOOL_CONVERSION = YES;
				CLANG_WARN_COMMA = YES;
				CLANG_WARN_CONSTANT_CONVERSION = YES;
				CLANG_WARN_DEPRECATED_OBJC_IMPLEMENTATIONS = YES;
				CLANG_WARN_DIRECT_OBJC_ISA_USAGE = YES_ERROR;
				CLANG_WARN_DOCUMENTATION_COMMENTS = YES;
				CLANG_WARN_EMPTY_BODY = YES;
				CLANG_WARN_ENUM_CONVERSION = YES;
				CLANG_WARN_INFINITE_RECURSION = YES;
				CLANG_WARN_INT_CONVERSION = YES;
				CLANG_WARN_NON_LITERAL_NULL_CONVERSION = YES;
				CLANG_WARN_OBJC_IMPLICIT_RETAIN_SELF = YES;
				CLANG_WARN_OBJC_LITERAL_CONVERSION = YES;
				CLANG_WARN_OBJC_ROOT_CLASS = YES_ERROR;
				CLANG_WARN_QUOTED_INCLUDE_IN_FRAMEWORK_HEADER = YES;
				CLANG_WARN_RANGE_LOOP_ANALYSIS = YES;
				CLANG_WARN_STRICT_PROTOTYPES = YES;
				CLANG_WARN_SUSPICIOUS_MOVE = YES;
				CLANG_WARN_UNGUARDED_AVAILABILITY = YES_AGGRESSIVE;
				CLANG_WARN_UNREACHABLE_CODE = YES;
				CLANG_WARN__DUPLICATE_METHOD_MATCH = YES;
				COPY_PHASE_STRIP = NO;
				DEBUG_INFORMATION_FORMAT = dwarf;
				ENABLE_STRICT_OBJC_MSGSEND = YES;
				ENABLE_TESTABILITY = YES;
				GCC_C_LANGUAGE_STANDARD = gnu11;
				GCC_DYNAMIC_NO_PIC = NO;
				GCC_NO_COMMON_BLOCKS = YES;
				GCC_OPTIMIZATION_LEVEL = 0;
				GCC_PREPROCESSOR_DEFINITIONS = (
					"DEBUG=1",
					"$(inherited)",
				);
				GCC_WARN_64_TO_32_BIT_CONVERSION = YES;
				GCC_WARN_ABOUT_RETURN_TYPE = YES_ERROR;
				GCC_WARN_UNDECLARED_SELECTOR = YES;
				GCC_WARN_UNINITIALIZED_AUTOS = YES_AGGRESSIVE;
				GCC_WARN_UNUSED_FUNCTION = YES;
				GCC_WARN_UNUSED_VARIABLE = YES;
				IPHONEOS_DEPLOYMENT_TARGET = 15.2;
				MTL_ENABLE_DEBUG_INFO = INCLUDE_SOURCE;
				MTL_FAST_MATH = YES;
				ONLY_ACTIVE_ARCH = YES;
				SDKROOT = iphoneos;
				SWIFT_ACTIVE_COMPILATION_CONDITIONS = DEBUG;
				SWIFT_OPTIMIZATION_LEVEL = "-Onone";
			};
			name = Debug;
		};
		F55F560F281C432400171AA0 /* Release */ = {
			isa = XCBuildConfiguration;
			buildSettings = {
				ALWAYS_SEARCH_USER_PATHS = NO;
				CLANG_ANALYZER_NONNULL = YES;
				CLANG_ANALYZER_NUMBER_OBJECT_CONVERSION = YES_AGGRESSIVE;
				CLANG_CXX_LANGUAGE_STANDARD = "gnu++17";
				CLANG_CXX_LIBRARY = "libc++";
				CLANG_ENABLE_MODULES = YES;
				CLANG_ENABLE_OBJC_ARC = YES;
				CLANG_ENABLE_OBJC_WEAK = YES;
				CLANG_WARN_BLOCK_CAPTURE_AUTORELEASING = YES;
				CLANG_WARN_BOOL_CONVERSION = YES;
				CLANG_WARN_COMMA = YES;
				CLANG_WARN_CONSTANT_CONVERSION = YES;
				CLANG_WARN_DEPRECATED_OBJC_IMPLEMENTATIONS = YES;
				CLANG_WARN_DIRECT_OBJC_ISA_USAGE = YES_ERROR;
				CLANG_WARN_DOCUMENTATION_COMMENTS = YES;
				CLANG_WARN_EMPTY_BODY = YES;
				CLANG_WARN_ENUM_CONVERSION = YES;
				CLANG_WARN_INFINITE_RECURSION = YES;
				CLANG_WARN_INT_CONVERSION = YES;
				CLANG_WARN_NON_LITERAL_NULL_CONVERSION = YES;
				CLANG_WARN_OBJC_IMPLICIT_RETAIN_SELF = YES;
				CLANG_WARN_OBJC_LITERAL_CONVERSION = YES;
				CLANG_WARN_OBJC_ROOT_CLASS = YES_ERROR;
				CLANG_WARN_QUOTED_INCLUDE_IN_FRAMEWORK_HEADER = YES;
				CLANG_WARN_RANGE_LOOP_ANALYSIS = YES;
				CLANG_WARN_STRICT_PROTOTYPES = YES;
				CLANG_WARN_SUSPICIOUS_MOVE = YES;
				CLANG_WARN_UNGUARDED_AVAILABILITY = YES_AGGRESSIVE;
				CLANG_WARN_UNREACHABLE_CODE = YES;
				CLANG_WARN__DUPLICATE_METHOD_MATCH = YES;
				COPY_PHASE_STRIP = NO;
				DEBUG_INFORMATION_FORMAT = "dwarf-with-dsym";
				ENABLE_NS_ASSERTIONS = NO;
				ENABLE_STRICT_OBJC_MSGSEND = YES;
				GCC_C_LANGUAGE_STANDARD = gnu11;
				GCC_NO_COMMON_BLOCKS = YES;
				GCC_WARN_64_TO_32_BIT_CONVERSION = YES;
				GCC_WARN_ABOUT_RETURN_TYPE = YES_ERROR;
				GCC_WARN_UNDECLARED_SELECTOR = YES;
				GCC_WARN_UNINITIALIZED_AUTOS = YES_AGGRESSIVE;
				GCC_WARN_UNUSED_FUNCTION = YES;
				GCC_WARN_UNUSED_VARIABLE = YES;
				IPHONEOS_DEPLOYMENT_TARGET = 15.2;
				MTL_ENABLE_DEBUG_INFO = NO;
				MTL_FAST_MATH = YES;
				SDKROOT = iphoneos;
				SWIFT_COMPILATION_MODE = wholemodule;
				SWIFT_OPTIMIZATION_LEVEL = "-O";
				VALIDATE_PRODUCT = YES;
			};
			name = Release;
		};
		F55F5611281C432400171AA0 /* Debug */ = {
			isa = XCBuildConfiguration;
			baseConfigurationReference = 699CED5B5FDCFB076A3C6E4F /* Pods-Fudoshin.debug.xcconfig */;
			buildSettings = {
				ASSETCATALOG_COMPILER_APPICON_NAME = AppIcon;
				ASSETCATALOG_COMPILER_GLOBAL_ACCENT_COLOR_NAME = AccentColor;
				CODE_SIGN_STYLE = Automatic;
				CURRENT_PROJECT_VERSION = 1;
				DEVELOPMENT_TEAM = 68LXY8Z6F4;
				GENERATE_INFOPLIST_FILE = YES;
				INFOPLIST_FILE = Fudoshin/Info.plist;
				INFOPLIST_KEY_UIApplicationSupportsIndirectInputEvents = YES;
				INFOPLIST_KEY_UILaunchStoryboardName = LaunchScreen;
				INFOPLIST_KEY_UISupportedInterfaceOrientations_iPad = "UIInterfaceOrientationPortrait UIInterfaceOrientationPortraitUpsideDown UIInterfaceOrientationLandscapeLeft UIInterfaceOrientationLandscapeRight";
				INFOPLIST_KEY_UISupportedInterfaceOrientations_iPhone = "UIInterfaceOrientationPortrait UIInterfaceOrientationLandscapeLeft UIInterfaceOrientationLandscapeRight";
				LD_RUNPATH_SEARCH_PATHS = (
					"$(inherited)",
					"@executable_path/Frameworks",
				);
				MARKETING_VERSION = 1.0;
				PRODUCT_BUNDLE_IDENTIFIER = com.Partiwave.Fudoshin;
				PRODUCT_NAME = "$(TARGET_NAME)";
				SWIFT_EMIT_LOC_STRINGS = YES;
				SWIFT_VERSION = 5.0;
				TARGETED_DEVICE_FAMILY = "1,2";
			};
			name = Debug;
		};
		F55F5612281C432400171AA0 /* Release */ = {
			isa = XCBuildConfiguration;
			baseConfigurationReference = 7FCE7C5AC427FF66C4C127E6 /* Pods-Fudoshin.release.xcconfig */;
			buildSettings = {
				ASSETCATALOG_COMPILER_APPICON_NAME = AppIcon;
				ASSETCATALOG_COMPILER_GLOBAL_ACCENT_COLOR_NAME = AccentColor;
				CODE_SIGN_STYLE = Automatic;
				CURRENT_PROJECT_VERSION = 1;
				DEVELOPMENT_TEAM = 68LXY8Z6F4;
				GENERATE_INFOPLIST_FILE = YES;
				INFOPLIST_FILE = Fudoshin/Info.plist;
				INFOPLIST_KEY_UIApplicationSupportsIndirectInputEvents = YES;
				INFOPLIST_KEY_UILaunchStoryboardName = LaunchScreen;
				INFOPLIST_KEY_UISupportedInterfaceOrientations_iPad = "UIInterfaceOrientationPortrait UIInterfaceOrientationPortraitUpsideDown UIInterfaceOrientationLandscapeLeft UIInterfaceOrientationLandscapeRight";
				INFOPLIST_KEY_UISupportedInterfaceOrientations_iPhone = "UIInterfaceOrientationPortrait UIInterfaceOrientationLandscapeLeft UIInterfaceOrientationLandscapeRight";
				LD_RUNPATH_SEARCH_PATHS = (
					"$(inherited)",
					"@executable_path/Frameworks",
				);
				MARKETING_VERSION = 1.0;
				PRODUCT_BUNDLE_IDENTIFIER = com.Partiwave.Fudoshin;
				PRODUCT_NAME = "$(TARGET_NAME)";
				SWIFT_EMIT_LOC_STRINGS = YES;
				SWIFT_VERSION = 5.0;
				TARGETED_DEVICE_FAMILY = "1,2";
			};
			name = Release;
		};
		F55F5614281C432400171AA0 /* Debug */ = {
			isa = XCBuildConfiguration;
			baseConfigurationReference = 5B9D17CF481461CF6AC5931C /* Pods-FudoshinTests.debug.xcconfig */;
			buildSettings = {
				ALWAYS_EMBED_SWIFT_STANDARD_LIBRARIES = YES;
				BUNDLE_LOADER = "$(TEST_HOST)";
				CODE_SIGN_STYLE = Automatic;
				CURRENT_PROJECT_VERSION = 1;
				DEVELOPMENT_TEAM = 68LXY8Z6F4;
				GENERATE_INFOPLIST_FILE = YES;
				IPHONEOS_DEPLOYMENT_TARGET = 15.2;
				MARKETING_VERSION = 1.0;
				PRODUCT_BUNDLE_IDENTIFIER = com.Partiwave.FudoshinTests;
				PRODUCT_NAME = "$(TARGET_NAME)";
				SWIFT_EMIT_LOC_STRINGS = NO;
				SWIFT_VERSION = 5.0;
				TARGETED_DEVICE_FAMILY = "1,2";
				TEST_HOST = "$(BUILT_PRODUCTS_DIR)/Fudoshin.app/Fudoshin";
			};
			name = Debug;
		};
		F55F5615281C432400171AA0 /* Release */ = {
			isa = XCBuildConfiguration;
			baseConfigurationReference = E496AE7482651D003C21ECDC /* Pods-FudoshinTests.release.xcconfig */;
			buildSettings = {
				ALWAYS_EMBED_SWIFT_STANDARD_LIBRARIES = YES;
				BUNDLE_LOADER = "$(TEST_HOST)";
				CODE_SIGN_STYLE = Automatic;
				CURRENT_PROJECT_VERSION = 1;
				DEVELOPMENT_TEAM = 68LXY8Z6F4;
				GENERATE_INFOPLIST_FILE = YES;
				IPHONEOS_DEPLOYMENT_TARGET = 15.2;
				MARKETING_VERSION = 1.0;
				PRODUCT_BUNDLE_IDENTIFIER = com.Partiwave.FudoshinTests;
				PRODUCT_NAME = "$(TARGET_NAME)";
				SWIFT_EMIT_LOC_STRINGS = NO;
				SWIFT_VERSION = 5.0;
				TARGETED_DEVICE_FAMILY = "1,2";
				TEST_HOST = "$(BUILT_PRODUCTS_DIR)/Fudoshin.app/Fudoshin";
			};
			name = Release;
		};
		F55F5617281C432400171AA0 /* Debug */ = {
			isa = XCBuildConfiguration;
			baseConfigurationReference = DFC18FAE7B01502EFDEBF3C8 /* Pods-Fudoshin-FudoshinUITests.debug.xcconfig */;
			buildSettings = {
				ALWAYS_EMBED_SWIFT_STANDARD_LIBRARIES = YES;
				CODE_SIGN_STYLE = Automatic;
				CURRENT_PROJECT_VERSION = 1;
				DEVELOPMENT_TEAM = 68LXY8Z6F4;
				GENERATE_INFOPLIST_FILE = YES;
				MARKETING_VERSION = 1.0;
				PRODUCT_BUNDLE_IDENTIFIER = com.Partiwave.FudoshinUITests;
				PRODUCT_NAME = "$(TARGET_NAME)";
				SWIFT_EMIT_LOC_STRINGS = NO;
				SWIFT_VERSION = 5.0;
				TARGETED_DEVICE_FAMILY = "1,2";
				TEST_TARGET_NAME = Fudoshin;
			};
			name = Debug;
		};
		F55F5618281C432400171AA0 /* Release */ = {
			isa = XCBuildConfiguration;
			baseConfigurationReference = 20BA151012C42C50C235BD25 /* Pods-Fudoshin-FudoshinUITests.release.xcconfig */;
			buildSettings = {
				ALWAYS_EMBED_SWIFT_STANDARD_LIBRARIES = YES;
				CODE_SIGN_STYLE = Automatic;
				CURRENT_PROJECT_VERSION = 1;
				DEVELOPMENT_TEAM = 68LXY8Z6F4;
				GENERATE_INFOPLIST_FILE = YES;
				MARKETING_VERSION = 1.0;
				PRODUCT_BUNDLE_IDENTIFIER = com.Partiwave.FudoshinUITests;
				PRODUCT_NAME = "$(TARGET_NAME)";
				SWIFT_EMIT_LOC_STRINGS = NO;
				SWIFT_VERSION = 5.0;
				TARGETED_DEVICE_FAMILY = "1,2";
				TEST_TARGET_NAME = Fudoshin;
			};
			name = Release;
		};
/* End XCBuildConfiguration section */

/* Begin XCConfigurationList section */
		F55F55E1281C431B00171AA0 /* Build configuration list for PBXProject "Fudoshin" */ = {
			isa = XCConfigurationList;
			buildConfigurations = (
				F55F560E281C432400171AA0 /* Debug */,
				F55F560F281C432400171AA0 /* Release */,
			);
			defaultConfigurationIsVisible = 0;
			defaultConfigurationName = Release;
		};
		F55F5610281C432400171AA0 /* Build configuration list for PBXNativeTarget "Fudoshin" */ = {
			isa = XCConfigurationList;
			buildConfigurations = (
				F55F5611281C432400171AA0 /* Debug */,
				F55F5612281C432400171AA0 /* Release */,
			);
			defaultConfigurationIsVisible = 0;
			defaultConfigurationName = Release;
		};
		F55F5613281C432400171AA0 /* Build configuration list for PBXNativeTarget "FudoshinTests" */ = {
			isa = XCConfigurationList;
			buildConfigurations = (
				F55F5614281C432400171AA0 /* Debug */,
				F55F5615281C432400171AA0 /* Release */,
			);
			defaultConfigurationIsVisible = 0;
			defaultConfigurationName = Release;
		};
		F55F5616281C432400171AA0 /* Build configuration list for PBXNativeTarget "FudoshinUITests" */ = {
			isa = XCConfigurationList;
			buildConfigurations = (
				F55F5617281C432400171AA0 /* Debug */,
				F55F5618281C432400171AA0 /* Release */,
			);
			defaultConfigurationIsVisible = 0;
			defaultConfigurationName = Release;
		};
/* End XCConfigurationList section */
	};
	rootObject = F55F55DE281C431B00171AA0 /* Project object */;
}
